
Microsoft Visual Studio Solution File, Format Version 12.00
# Visual Studio 15
VisualStudioVersion = 15.0.27703.2035
MinimumVisualStudioVersion = 10.0.40219.1
Project("{9A19103F-16F7-4668-BE54-9A1E7A4F7556}") = "Ridr", "Ridr\Ridr.csproj", "{D60005D0-4426-4AA1-A7EB-08AD7F179F4C}"
EndProject
Project("{2150E333-8FDC-42A3-9474-1A3956D46DE8}") = "1. Presentation", "1. Presentation", "{8B743892-C71A-4786-9D07-45A64090F52D}"
EndProject
Project("{2150E333-8FDC-42A3-9474-1A3956D46DE8}") = "4. Shared", "4. Shared", "{3D70142D-F564-4A6A-9BF2-B18FBD815F78}"
EndProject
Project("{2150E333-8FDC-42A3-9474-1A3956D46DE8}") = "3. Data", "3. Data", "{EF3B3E8D-737D-43EC-A9EE-A5B7B5D6D65A}"
EndProject
Project("{2150E333-8FDC-42A3-9474-1A3956D46DE8}") = "2. Business", "2. Business", "{F0B8EFFF-2832-430F-99AD-10E00443989D}"
EndProject
Project("{FAE04EC0-301F-11D3-BF4B-00C04F79EFBC}") = "Ridr.Shared.DTOModel", "Ridr.Shared.DTOModel\Ridr.Shared.DTOModel.csproj", "{30D4B626-EB62-43AB-948E-A24A5664D1FB}"
EndProject
Project("{FAE04EC0-301F-11D3-BF4B-00C04F79EFBC}") = "Ridr.Shared.Data", "Ridr.Shared.Data\Ridr.Shared.Data.csproj", "{139BDC01-7CC2-4B97-8FB3-E75235C71411}"
EndProject
Project("{FAE04EC0-301F-11D3-BF4B-00C04F79EFBC}") = "Ridr.Data.Data", "Ridr.Data.Data\Ridr.Data.Data.csproj", "{40600577-9BE1-478C-B4B7-8B171FA67BA8}"
EndProject
Project("{FAE04EC0-301F-11D3-BF4B-00C04F79EFBC}") = "Ridr.Data.DataModel", "Ridr.Data.DataModel\Ridr.Data.DataModel.csproj", "{13557895-95A3-414D-B17E-D179B72F99FF}"
EndProject
Project("{FAE04EC0-301F-11D3-BF4B-00C04F79EFBC}") = "Ridr.Business", "Ridr.Business\Ridr.Business.csproj", "{7C2AD78F-ECC5-487D-870A-28F5D5527333}"
EndProject
Project("{FAE04EC0-301F-11D3-BF4B-00C04F79EFBC}") = "Presentation.Shared", "Presentation.Shared\Presentation.Shared.csproj", "{530187FB-486F-4A45-9FAE-A0C04A35044F}"
EndProject
Global
	GlobalSection(SolutionConfigurationPlatforms) = preSolution
		Debug|Any CPU = Debug|Any CPU
		Release|Any CPU = Release|Any CPU
	EndGlobalSection
	GlobalSection(ProjectConfigurationPlatforms) = postSolution
		{D60005D0-4426-4AA1-A7EB-08AD7F179F4C}.Debug|Any CPU.ActiveCfg = Debug|Any CPU
		{D60005D0-4426-4AA1-A7EB-08AD7F179F4C}.Debug|Any CPU.Build.0 = Debug|Any CPU
		{D60005D0-4426-4AA1-A7EB-08AD7F179F4C}.Release|Any CPU.ActiveCfg = Release|Any CPU
		{D60005D0-4426-4AA1-A7EB-08AD7F179F4C}.Release|Any CPU.Build.0 = Release|Any CPU
		{30D4B626-EB62-43AB-948E-A24A5664D1FB}.Debug|Any CPU.ActiveCfg = Debug|Any CPU
		{30D4B626-EB62-43AB-948E-A24A5664D1FB}.Debug|Any CPU.Build.0 = Debug|Any CPU
		{30D4B626-EB62-43AB-948E-A24A5664D1FB}.Release|Any CPU.ActiveCfg = Release|Any CPU
		{30D4B626-EB62-43AB-948E-A24A5664D1FB}.Release|Any CPU.Build.0 = Release|Any CPU
		{139BDC01-7CC2-4B97-8FB3-E75235C71411}.Debug|Any CPU.ActiveCfg = Debug|Any CPU
		{139BDC01-7CC2-4B97-8FB3-E75235C71411}.Debug|Any CPU.Build.0 = Debug|Any CPU
		{139BDC01-7CC2-4B97-8FB3-E75235C71411}.Release|Any CPU.ActiveCfg = Release|Any CPU
		{139BDC01-7CC2-4B97-8FB3-E75235C71411}.Release|Any CPU.Build.0 = Release|Any CPU
		{40600577-9BE1-478C-B4B7-8B171FA67BA8}.Debug|Any CPU.ActiveCfg = Debug|Any CPU
		{40600577-9BE1-478C-B4B7-8B171FA67BA8}.Debug|Any CPU.Build.0 = Debug|Any CPU
		{40600577-9BE1-478C-B4B7-8B171FA67BA8}.Release|Any CPU.ActiveCfg = Release|Any CPU
		{40600577-9BE1-478C-B4B7-8B171FA67BA8}.Release|Any CPU.Build.0 = Release|Any CPU
		{13557895-95A3-414D-B17E-D179B72F99FF}.Debug|Any CPU.ActiveCfg = Debug|Any CPU
		{13557895-95A3-414D-B17E-D179B72F99FF}.Debug|Any CPU.Build.0 = Debug|Any CPU
		{13557895-95A3-414D-B17E-D179B72F99FF}.Release|Any CPU.ActiveCfg = Release|Any CPU
		{13557895-95A3-414D-B17E-D179B72F99FF}.Release|Any CPU.Build.0 = Release|Any CPU
		{7C2AD78F-ECC5-487D-870A-28F5D5527333}.Debug|Any CPU.ActiveCfg = Debug|Any CPU
		{7C2AD78F-ECC5-487D-870A-28F5D5527333}.Debug|Any CPU.Build.0 = Debug|Any CPU
		{7C2AD78F-ECC5-487D-870A-28F5D5527333}.Release|Any CPU.ActiveCfg = Release|Any CPU
		{7C2AD78F-ECC5-487D-870A-28F5D5527333}.Release|Any CPU.Build.0 = Release|Any CPU
		{530187FB-486F-4A45-9FAE-A0C04A35044F}.Debug|Any CPU.ActiveCfg = Debug|Any CPU
		{530187FB-486F-4A45-9FAE-A0C04A35044F}.Debug|Any CPU.Build.0 = Debug|Any CPU
		{530187FB-486F-4A45-9FAE-A0C04A35044F}.Release|Any CPU.ActiveCfg = Release|Any CPU
		{530187FB-486F-4A45-9FAE-A0C04A35044F}.Release|Any CPU.Build.0 = Release|Any CPU
	EndGlobalSection
	GlobalSection(SolutionProperties) = preSolution
		HideSolutionNode = FALSE
	EndGlobalSection
	GlobalSection(NestedProjects) = preSolution
		{D60005D0-4426-4AA1-A7EB-08AD7F179F4C} = {8B743892-C71A-4786-9D07-45A64090F52D}
		{30D4B626-EB62-43AB-948E-A24A5664D1FB} = {3D70142D-F564-4A6A-9BF2-B18FBD815F78}
		{139BDC01-7CC2-4B97-8FB3-E75235C71411} = {3D70142D-F564-4A6A-9BF2-B18FBD815F78}
		{40600577-9BE1-478C-B4B7-8B171FA67BA8} = {EF3B3E8D-737D-43EC-A9EE-A5B7B5D6D65A}
		{13557895-95A3-414D-B17E-D179B72F99FF} = {EF3B3E8D-737D-43EC-A9EE-A5B7B5D6D65A}
		{7C2AD78F-ECC5-487D-870A-28F5D5527333} = {F0B8EFFF-2832-430F-99AD-10E00443989D}
		{530187FB-486F-4A45-9FAE-A0C04A35044F} = {8B743892-C71A-4786-9D07-45A64090F52D}
	EndGlobalSection
	GlobalSection(ExtensibilityGlobals) = postSolution
		SolutionGuid = {5AE5871D-6F26-4E83-A5EC-BA943D9C64EA}
	EndGlobalSection
EndGlobal
